
Microsoft Visual Studio Solution File, Format Version 12.00
# Visual Studio 14
VisualStudioVersion = 14.0.24720.0
MinimumVisualStudioVersion = 10.0.40219.1
Project("{2150E333-8FDC-42A3-9474-1A3956D46DE8}") = "Lab", "Lab", "{B743DDA1-398F-416C-9C8C-89A663171D86}"
EndProject
Project("{2150E333-8FDC-42A3-9474-1A3956D46DE8}") = "Homework", "Homework", "{04A3143A-1CE5-48B6-90B7-2845F0064EDA}"
EndProject
Project("{FAE04EC0-301F-11D3-BF4B-00C04F79EFBC}") = "StringEditor", "Homework\StringEditor\StringEditor.csproj", "{718B1899-A381-4646-A83C-A24250CDB83E}"
EndProject
Project("{FAE04EC0-301F-11D3-BF4B-00C04F79EFBC}") = "ProductsPriceRange", "Homework\ProductsPriceRange\ProductsPriceRange.csproj", "{1133E2C3-9AF5-4015-8335-E08A02B24E47}"
EndProject
Project("{FAE04EC0-301F-11D3-BF4B-00C04F79EFBC}") = "Events", "Lab\Events\Events.csproj", "{0FBFC193-0EDB-445C-99C5-B7D70F4EE166}"
EndProject
Project("{FAE04EC0-301F-11D3-BF4B-00C04F79EFBC}") = "RopeStringEditing", "Lab\RopeStringEditing\RopeStringEditing.csproj", "{E21036F5-2743-4116-8260-66A900195252}"
EndProject
Global
	GlobalSection(SolutionConfigurationPlatforms) = preSolution
		Debug|Any CPU = Debug|Any CPU
		Release|Any CPU = Release|Any CPU
	EndGlobalSection
	GlobalSection(ProjectConfigurationPlatforms) = postSolution
		{718B1899-A381-4646-A83C-A24250CDB83E}.Debug|Any CPU.ActiveCfg = Debug|Any CPU
		{718B1899-A381-4646-A83C-A24250CDB83E}.Debug|Any CPU.Build.0 = Debug|Any CPU
		{718B1899-A381-4646-A83C-A24250CDB83E}.Release|Any CPU.ActiveCfg = Release|Any CPU
		{718B1899-A381-4646-A83C-A24250CDB83E}.Release|Any CPU.Build.0 = Release|Any CPU
		{1133E2C3-9AF5-4015-8335-E08A02B24E47}.Debug|Any CPU.ActiveCfg = Debug|Any CPU
		{1133E2C3-9AF5-4015-8335-E08A02B24E47}.Debug|Any CPU.Build.0 = Debug|Any CPU
		{1133E2C3-9AF5-4015-8335-E08A02B24E47}.Release|Any CPU.ActiveCfg = Release|Any CPU
		{1133E2C3-9AF5-4015-8335-E08A02B24E47}.Release|Any CPU.Build.0 = Release|Any CPU
		{0FBFC193-0EDB-445C-99C5-B7D70F4EE166}.Debug|Any CPU.ActiveCfg = Debug|Any CPU
		{0FBFC193-0EDB-445C-99C5-B7D70F4EE166}.Debug|Any CPU.Build.0 = Debug|Any CPU
		{0FBFC193-0EDB-445C-99C5-B7D70F4EE166}.Release|Any CPU.ActiveCfg = Release|Any CPU
		{0FBFC193-0EDB-445C-99C5-B7D70F4EE166}.Release|Any CPU.Build.0 = Release|Any CPU
		{E21036F5-2743-4116-8260-66A900195252}.Debug|Any CPU.ActiveCfg = Debug|Any CPU
		{E21036F5-2743-4116-8260-66A900195252}.Debug|Any CPU.Build.0 = Debug|Any CPU
		{E21036F5-2743-4116-8260-66A900195252}.Release|Any CPU.ActiveCfg = Release|Any CPU
		{E21036F5-2743-4116-8260-66A900195252}.Release|Any CPU.Build.0 = Release|Any CPU
	EndGlobalSection
	GlobalSection(SolutionProperties) = preSolution
		HideSolutionNode = FALSE
	EndGlobalSection
	GlobalSection(NestedProjects) = preSolution
		{718B1899-A381-4646-A83C-A24250CDB83E} = {04A3143A-1CE5-48B6-90B7-2845F0064EDA}
		{1133E2C3-9AF5-4015-8335-E08A02B24E47} = {04A3143A-1CE5-48B6-90B7-2845F0064EDA}
		{0FBFC193-0EDB-445C-99C5-B7D70F4EE166} = {B743DDA1-398F-416C-9C8C-89A663171D86}
		{E21036F5-2743-4116-8260-66A900195252} = {B743DDA1-398F-416C-9C8C-89A663171D86}
	EndGlobalSection
EndGlobal
