
Microsoft Visual Studio Solution File, Format Version 12.00
# Visual Studio 14
VisualStudioVersion = 14.0.24720.0
MinimumVisualStudioVersion = 10.0.40219.1
Project("{2150E333-8FDC-42A3-9474-1A3956D46DE8}") = "Lab", "Lab", "{B067ACA2-5888-467C-85FD-F25FA145FC56}"
EndProject
Project("{2150E333-8FDC-42A3-9474-1A3956D46DE8}") = "Homework", "Homework", "{45926C1E-3C8E-47F6-80AE-8B305A395D45}"
EndProject
Project("{FAE04EC0-301F-11D3-BF4B-00C04F79EFBC}") = "ReverseArray", "Homework\ReverseArray\ReverseArray.csproj", "{022B248B-A9F7-4A85-9880-A70918673502}"
EndProject
Project("{FAE04EC0-301F-11D3-BF4B-00C04F79EFBC}") = "NestedLoopsToRecursion", "Homework\NestedLoopsToRecursion\NestedLoopsToRecursion.csproj", "{91B6DF4A-B9B9-4B3F-8ABF-65B875A6B8D2}"
EndProject
Project("{FAE04EC0-301F-11D3-BF4B-00C04F79EFBC}") = "CombinationsWithRepetition", "Homework\CombinationsWithRepetition\CombinationsWithRepetition.csproj", "{13FA0499-1972-4DDF-A735-34100063AE2D}"
EndProject
Project("{FAE04EC0-301F-11D3-BF4B-00C04F79EFBC}") = "HanoiTowers", "Homework\HanoiTower\HanoiTowers.csproj", "{F16C5252-BF15-4ADF-9279-8419CF9006B1}"
EndProject
Project("{FAE04EC0-301F-11D3-BF4B-00C04F79EFBC}") = "CombinationsWithoutRepetition", "Homework\CombinationsWithoutRepetition\CombinationsWithoutRepetition.csproj", "{B9A30E18-A418-4814-864A-7842486E0711}"
EndProject
Project("{FAE04EC0-301F-11D3-BF4B-00C04F79EFBC}") = "PathsInMatrix", "Homework\PathsInMatrix\PathsInMatrix.csproj", "{777EC084-E3AF-40B3-92A1-6D1D6A0A4ADE}"
EndProject
Project("{FAE04EC0-301F-11D3-BF4B-00C04F79EFBC}") = "ConnectedAreas", "Homework\ConnectedAreas\ConnectedAreas.csproj", "{C41EC8BE-E89D-4F9E-98DB-E59A766625A5}"
EndProject
Global
	GlobalSection(SolutionConfigurationPlatforms) = preSolution
		Debug|Any CPU = Debug|Any CPU
		Release|Any CPU = Release|Any CPU
	EndGlobalSection
	GlobalSection(ProjectConfigurationPlatforms) = postSolution
		{022B248B-A9F7-4A85-9880-A70918673502}.Debug|Any CPU.ActiveCfg = Debug|Any CPU
		{022B248B-A9F7-4A85-9880-A70918673502}.Debug|Any CPU.Build.0 = Debug|Any CPU
		{022B248B-A9F7-4A85-9880-A70918673502}.Release|Any CPU.ActiveCfg = Release|Any CPU
		{022B248B-A9F7-4A85-9880-A70918673502}.Release|Any CPU.Build.0 = Release|Any CPU
		{91B6DF4A-B9B9-4B3F-8ABF-65B875A6B8D2}.Debug|Any CPU.ActiveCfg = Debug|Any CPU
		{91B6DF4A-B9B9-4B3F-8ABF-65B875A6B8D2}.Debug|Any CPU.Build.0 = Debug|Any CPU
		{91B6DF4A-B9B9-4B3F-8ABF-65B875A6B8D2}.Release|Any CPU.ActiveCfg = Release|Any CPU
		{91B6DF4A-B9B9-4B3F-8ABF-65B875A6B8D2}.Release|Any CPU.Build.0 = Release|Any CPU
		{13FA0499-1972-4DDF-A735-34100063AE2D}.Debug|Any CPU.ActiveCfg = Debug|Any CPU
		{13FA0499-1972-4DDF-A735-34100063AE2D}.Debug|Any CPU.Build.0 = Debug|Any CPU
		{13FA0499-1972-4DDF-A735-34100063AE2D}.Release|Any CPU.ActiveCfg = Release|Any CPU
		{13FA0499-1972-4DDF-A735-34100063AE2D}.Release|Any CPU.Build.0 = Release|Any CPU
		{F16C5252-BF15-4ADF-9279-8419CF9006B1}.Debug|Any CPU.ActiveCfg = Debug|Any CPU
		{F16C5252-BF15-4ADF-9279-8419CF9006B1}.Debug|Any CPU.Build.0 = Debug|Any CPU
		{F16C5252-BF15-4ADF-9279-8419CF9006B1}.Release|Any CPU.ActiveCfg = Release|Any CPU
		{F16C5252-BF15-4ADF-9279-8419CF9006B1}.Release|Any CPU.Build.0 = Release|Any CPU
		{B9A30E18-A418-4814-864A-7842486E0711}.Debug|Any CPU.ActiveCfg = Debug|Any CPU
		{B9A30E18-A418-4814-864A-7842486E0711}.Debug|Any CPU.Build.0 = Debug|Any CPU
		{B9A30E18-A418-4814-864A-7842486E0711}.Release|Any CPU.ActiveCfg = Release|Any CPU
		{B9A30E18-A418-4814-864A-7842486E0711}.Release|Any CPU.Build.0 = Release|Any CPU
		{777EC084-E3AF-40B3-92A1-6D1D6A0A4ADE}.Debug|Any CPU.ActiveCfg = Debug|Any CPU
		{777EC084-E3AF-40B3-92A1-6D1D6A0A4ADE}.Debug|Any CPU.Build.0 = Debug|Any CPU
		{777EC084-E3AF-40B3-92A1-6D1D6A0A4ADE}.Release|Any CPU.ActiveCfg = Release|Any CPU
		{777EC084-E3AF-40B3-92A1-6D1D6A0A4ADE}.Release|Any CPU.Build.0 = Release|Any CPU
		{C41EC8BE-E89D-4F9E-98DB-E59A766625A5}.Debug|Any CPU.ActiveCfg = Debug|Any CPU
		{C41EC8BE-E89D-4F9E-98DB-E59A766625A5}.Debug|Any CPU.Build.0 = Debug|Any CPU
		{C41EC8BE-E89D-4F9E-98DB-E59A766625A5}.Release|Any CPU.ActiveCfg = Release|Any CPU
		{C41EC8BE-E89D-4F9E-98DB-E59A766625A5}.Release|Any CPU.Build.0 = Release|Any CPU
	EndGlobalSection
	GlobalSection(SolutionProperties) = preSolution
		HideSolutionNode = FALSE
	EndGlobalSection
	GlobalSection(NestedProjects) = preSolution
		{022B248B-A9F7-4A85-9880-A70918673502} = {45926C1E-3C8E-47F6-80AE-8B305A395D45}
		{91B6DF4A-B9B9-4B3F-8ABF-65B875A6B8D2} = {45926C1E-3C8E-47F6-80AE-8B305A395D45}
		{13FA0499-1972-4DDF-A735-34100063AE2D} = {45926C1E-3C8E-47F6-80AE-8B305A395D45}
		{F16C5252-BF15-4ADF-9279-8419CF9006B1} = {45926C1E-3C8E-47F6-80AE-8B305A395D45}
		{B9A30E18-A418-4814-864A-7842486E0711} = {45926C1E-3C8E-47F6-80AE-8B305A395D45}
		{777EC084-E3AF-40B3-92A1-6D1D6A0A4ADE} = {45926C1E-3C8E-47F6-80AE-8B305A395D45}
		{C41EC8BE-E89D-4F9E-98DB-E59A766625A5} = {45926C1E-3C8E-47F6-80AE-8B305A395D45}
	EndGlobalSection
EndGlobal
