
Microsoft Visual Studio Solution File, Format Version 12.00
# Visual Studio 14
VisualStudioVersion = 14.0.23107.0
MinimumVisualStudioVersion = 10.0.40219.1
Project("{FAE04EC0-301F-11D3-BF4B-00C04F79EFBC}") = "TowerOfHanoi", "TowerOfHanoi\TowerOfHanoi.csproj", "{2DC9828C-5A9C-43E5-ABED-C13744270FEE}"
EndProject
Project("{FAE04EC0-301F-11D3-BF4B-00C04F79EFBC}") = "NestedLoopsToRecursion", "NestedLoopsToRecursion\NestedLoopsToRecursion.csproj", "{3F189716-6D9F-4DC4-9D6B-991FD0245656}"
EndProject
Project("{FAE04EC0-301F-11D3-BF4B-00C04F79EFBC}") = "CombinationsWithRepetition", "CombinationsWithRepetition\CombinationsWithRepetition.csproj", "{75A1314B-EF56-44B1-B523-DED2D89661A3}"
EndProject
Project("{FAE04EC0-301F-11D3-BF4B-00C04F79EFBC}") = "CombinationsWithoutRepetition", "CombinationsWithoutRepetition\CombinationsWithoutRepetition.csproj", "{A042B1F9-7CC1-4EBE-98A3-5BC0947EDB38}"
EndProject
Project("{FAE04EC0-301F-11D3-BF4B-00C04F79EFBC}") = "PathsInMatrix", "PathsInMatrix\PathsInMatrix.csproj", "{3A630497-22DC-4F63-879E-519E7EABC1CC}"
EndProject
Global
	GlobalSection(SolutionConfigurationPlatforms) = preSolution
		Debug|Any CPU = Debug|Any CPU
		Release|Any CPU = Release|Any CPU
	EndGlobalSection
	GlobalSection(ProjectConfigurationPlatforms) = postSolution
		{2DC9828C-5A9C-43E5-ABED-C13744270FEE}.Debug|Any CPU.ActiveCfg = Debug|Any CPU
		{2DC9828C-5A9C-43E5-ABED-C13744270FEE}.Debug|Any CPU.Build.0 = Debug|Any CPU
		{2DC9828C-5A9C-43E5-ABED-C13744270FEE}.Release|Any CPU.ActiveCfg = Release|Any CPU
		{2DC9828C-5A9C-43E5-ABED-C13744270FEE}.Release|Any CPU.Build.0 = Release|Any CPU
		{3F189716-6D9F-4DC4-9D6B-991FD0245656}.Debug|Any CPU.ActiveCfg = Debug|Any CPU
		{3F189716-6D9F-4DC4-9D6B-991FD0245656}.Debug|Any CPU.Build.0 = Debug|Any CPU
		{3F189716-6D9F-4DC4-9D6B-991FD0245656}.Release|Any CPU.ActiveCfg = Release|Any CPU
		{3F189716-6D9F-4DC4-9D6B-991FD0245656}.Release|Any CPU.Build.0 = Release|Any CPU
		{75A1314B-EF56-44B1-B523-DED2D89661A3}.Debug|Any CPU.ActiveCfg = Debug|Any CPU
		{75A1314B-EF56-44B1-B523-DED2D89661A3}.Debug|Any CPU.Build.0 = Debug|Any CPU
		{75A1314B-EF56-44B1-B523-DED2D89661A3}.Release|Any CPU.ActiveCfg = Release|Any CPU
		{75A1314B-EF56-44B1-B523-DED2D89661A3}.Release|Any CPU.Build.0 = Release|Any CPU
		{A042B1F9-7CC1-4EBE-98A3-5BC0947EDB38}.Debug|Any CPU.ActiveCfg = Debug|Any CPU
		{A042B1F9-7CC1-4EBE-98A3-5BC0947EDB38}.Debug|Any CPU.Build.0 = Debug|Any CPU
		{A042B1F9-7CC1-4EBE-98A3-5BC0947EDB38}.Release|Any CPU.ActiveCfg = Release|Any CPU
		{A042B1F9-7CC1-4EBE-98A3-5BC0947EDB38}.Release|Any CPU.Build.0 = Release|Any CPU
		{3A630497-22DC-4F63-879E-519E7EABC1CC}.Debug|Any CPU.ActiveCfg = Debug|Any CPU
		{3A630497-22DC-4F63-879E-519E7EABC1CC}.Debug|Any CPU.Build.0 = Debug|Any CPU
		{3A630497-22DC-4F63-879E-519E7EABC1CC}.Release|Any CPU.ActiveCfg = Release|Any CPU
		{3A630497-22DC-4F63-879E-519E7EABC1CC}.Release|Any CPU.Build.0 = Release|Any CPU
	EndGlobalSection
	GlobalSection(SolutionProperties) = preSolution
		HideSolutionNode = FALSE
	EndGlobalSection
EndGlobal
