
Microsoft Visual Studio Solution File, Format Version 12.00
# Visual Studio 14
VisualStudioVersion = 14.0.24720.0
MinimumVisualStudioVersion = 10.0.40219.1
Project("{2150E333-8FDC-42A3-9474-1A3956D46DE8}") = "Lab", "Lab", "{36B517E7-D0E0-4466-9D9F-BD34D577ED2E}"
EndProject
Project("{2150E333-8FDC-42A3-9474-1A3956D46DE8}") = "Homework", "Homework", "{31E7049C-C709-4757-BB71-5145BBC7F960}"
EndProject
Project("{FAE04EC0-301F-11D3-BF4B-00C04F79EFBC}") = "BFS-Escape-from-Labyrinth", "Lab\BFS-Escape-from-Labyrinth\BFS-Escape-from-Labyrinth.csproj", "{27F265F3-ABF7-46FD-A656-AD5CD27CDC2E}"
EndProject
Project("{FAE04EC0-301F-11D3-BF4B-00C04F79EFBC}") = "BFS-Escape-from-Labyrinth.Tests", "Lab\BFS-Escape-from-Labyrinth.Tests\BFS-Escape-from-Labyrinth.Tests.csproj", "{1875E377-837F-405B-828C-468C6A33B761}"
EndProject
Project("{FAE04EC0-301F-11D3-BF4B-00C04F79EFBC}") = "DFS-Graph-Traversal", "Lab\DFS-Graph-Traversal\DFS-Graph-Traversal.csproj", "{2CB50F92-35AF-47E5-BA6F-02446AACD536}"
EndProject
Project("{FAE04EC0-301F-11D3-BF4B-00C04F79EFBC}") = "DFS-Graph-Traversal.Tests", "Lab\DFS-Graph-Traversal.Tests\DFS-Graph-Traversal.Tests.csproj", "{7B2961BD-EBA1-4578-B3A5-446B08225683}"
EndProject
Project("{FAE04EC0-301F-11D3-BF4B-00C04F79EFBC}") = "FindTheRoot", "Homework\FindTheRoot\FindTheRoot.csproj", "{17A7F497-F7A1-4E14-A288-B1A7E34C2492}"
EndProject
Project("{FAE04EC0-301F-11D3-BF4B-00C04F79EFBC}") = "RoundDance", "Homework\RoundDance\RoundDance.csproj", "{D7BF4A5B-9ED0-4AE3-AB50-8E61AF886F10}"
EndProject
Project("{FAE04EC0-301F-11D3-BF4B-00C04F79EFBC}") = "RideTheHorse", "Homework\RideTheHorse\RideTheHorse.csproj", "{B3D1DE30-041A-4B2B-9CFC-D77FA7736F39}"
EndProject
Project("{FAE04EC0-301F-11D3-BF4B-00C04F79EFBC}") = "LongestPath", "Homework\LongestPath\LongestPath.csproj", "{876450D1-23EF-4D42-BDAF-86A94B6C058B}"
EndProject
Global
	GlobalSection(SolutionConfigurationPlatforms) = preSolution
		Debug|Any CPU = Debug|Any CPU
		Release|Any CPU = Release|Any CPU
	EndGlobalSection
	GlobalSection(ProjectConfigurationPlatforms) = postSolution
		{27F265F3-ABF7-46FD-A656-AD5CD27CDC2E}.Debug|Any CPU.ActiveCfg = Debug|Any CPU
		{27F265F3-ABF7-46FD-A656-AD5CD27CDC2E}.Debug|Any CPU.Build.0 = Debug|Any CPU
		{27F265F3-ABF7-46FD-A656-AD5CD27CDC2E}.Release|Any CPU.ActiveCfg = Release|Any CPU
		{27F265F3-ABF7-46FD-A656-AD5CD27CDC2E}.Release|Any CPU.Build.0 = Release|Any CPU
		{1875E377-837F-405B-828C-468C6A33B761}.Debug|Any CPU.ActiveCfg = Debug|Any CPU
		{1875E377-837F-405B-828C-468C6A33B761}.Debug|Any CPU.Build.0 = Debug|Any CPU
		{1875E377-837F-405B-828C-468C6A33B761}.Release|Any CPU.ActiveCfg = Release|Any CPU
		{1875E377-837F-405B-828C-468C6A33B761}.Release|Any CPU.Build.0 = Release|Any CPU
		{2CB50F92-35AF-47E5-BA6F-02446AACD536}.Debug|Any CPU.ActiveCfg = Debug|Any CPU
		{2CB50F92-35AF-47E5-BA6F-02446AACD536}.Debug|Any CPU.Build.0 = Debug|Any CPU
		{2CB50F92-35AF-47E5-BA6F-02446AACD536}.Release|Any CPU.ActiveCfg = Release|Any CPU
		{2CB50F92-35AF-47E5-BA6F-02446AACD536}.Release|Any CPU.Build.0 = Release|Any CPU
		{7B2961BD-EBA1-4578-B3A5-446B08225683}.Debug|Any CPU.ActiveCfg = Debug|Any CPU
		{7B2961BD-EBA1-4578-B3A5-446B08225683}.Debug|Any CPU.Build.0 = Debug|Any CPU
		{7B2961BD-EBA1-4578-B3A5-446B08225683}.Release|Any CPU.ActiveCfg = Release|Any CPU
		{7B2961BD-EBA1-4578-B3A5-446B08225683}.Release|Any CPU.Build.0 = Release|Any CPU
		{17A7F497-F7A1-4E14-A288-B1A7E34C2492}.Debug|Any CPU.ActiveCfg = Debug|Any CPU
		{17A7F497-F7A1-4E14-A288-B1A7E34C2492}.Debug|Any CPU.Build.0 = Debug|Any CPU
		{17A7F497-F7A1-4E14-A288-B1A7E34C2492}.Release|Any CPU.ActiveCfg = Release|Any CPU
		{17A7F497-F7A1-4E14-A288-B1A7E34C2492}.Release|Any CPU.Build.0 = Release|Any CPU
		{D7BF4A5B-9ED0-4AE3-AB50-8E61AF886F10}.Debug|Any CPU.ActiveCfg = Debug|Any CPU
		{D7BF4A5B-9ED0-4AE3-AB50-8E61AF886F10}.Debug|Any CPU.Build.0 = Debug|Any CPU
		{D7BF4A5B-9ED0-4AE3-AB50-8E61AF886F10}.Release|Any CPU.ActiveCfg = Release|Any CPU
		{D7BF4A5B-9ED0-4AE3-AB50-8E61AF886F10}.Release|Any CPU.Build.0 = Release|Any CPU
		{B3D1DE30-041A-4B2B-9CFC-D77FA7736F39}.Debug|Any CPU.ActiveCfg = Debug|Any CPU
		{B3D1DE30-041A-4B2B-9CFC-D77FA7736F39}.Debug|Any CPU.Build.0 = Debug|Any CPU
		{B3D1DE30-041A-4B2B-9CFC-D77FA7736F39}.Release|Any CPU.ActiveCfg = Release|Any CPU
		{B3D1DE30-041A-4B2B-9CFC-D77FA7736F39}.Release|Any CPU.Build.0 = Release|Any CPU
		{876450D1-23EF-4D42-BDAF-86A94B6C058B}.Debug|Any CPU.ActiveCfg = Debug|Any CPU
		{876450D1-23EF-4D42-BDAF-86A94B6C058B}.Debug|Any CPU.Build.0 = Debug|Any CPU
		{876450D1-23EF-4D42-BDAF-86A94B6C058B}.Release|Any CPU.ActiveCfg = Release|Any CPU
		{876450D1-23EF-4D42-BDAF-86A94B6C058B}.Release|Any CPU.Build.0 = Release|Any CPU
	EndGlobalSection
	GlobalSection(SolutionProperties) = preSolution
		HideSolutionNode = FALSE
	EndGlobalSection
	GlobalSection(NestedProjects) = preSolution
		{27F265F3-ABF7-46FD-A656-AD5CD27CDC2E} = {36B517E7-D0E0-4466-9D9F-BD34D577ED2E}
		{1875E377-837F-405B-828C-468C6A33B761} = {36B517E7-D0E0-4466-9D9F-BD34D577ED2E}
		{2CB50F92-35AF-47E5-BA6F-02446AACD536} = {36B517E7-D0E0-4466-9D9F-BD34D577ED2E}
		{7B2961BD-EBA1-4578-B3A5-446B08225683} = {36B517E7-D0E0-4466-9D9F-BD34D577ED2E}
		{17A7F497-F7A1-4E14-A288-B1A7E34C2492} = {31E7049C-C709-4757-BB71-5145BBC7F960}
		{D7BF4A5B-9ED0-4AE3-AB50-8E61AF886F10} = {31E7049C-C709-4757-BB71-5145BBC7F960}
		{B3D1DE30-041A-4B2B-9CFC-D77FA7736F39} = {31E7049C-C709-4757-BB71-5145BBC7F960}
		{876450D1-23EF-4D42-BDAF-86A94B6C058B} = {31E7049C-C709-4757-BB71-5145BBC7F960}
	EndGlobalSection
EndGlobal
